
Microsoft Visual Studio Solution File, Format Version 12.00
# Visual Studio Version 16
VisualStudioVersion = 16.0.32106.194
MinimumVisualStudioVersion = 10.0.40219.1
Project("{FAE04EC0-301F-11D3-BF4B-00C04F79EFBC}") = "SalesWebMvc", "SalesWebMvc\SalesWebMvc.csproj", "{02E903F1-C846-42CD-899A-2D00D9064625}"
EndProject
Global
	GlobalSection(SolutionConfigurationPlatforms) = preSolution
		Debug|Any CPU = Debug|Any CPU
		Release|Any CPU = Release|Any CPU
	EndGlobalSection
	GlobalSection(ProjectConfigurationPlatforms) = postSolution
		{02E903F1-C846-42CD-899A-2D00D9064625}.Debug|Any CPU.ActiveCfg = Debug|Any CPU
		{02E903F1-C846-42CD-899A-2D00D9064625}.Debug|Any CPU.Build.0 = Debug|Any CPU
		{02E903F1-C846-42CD-899A-2D00D9064625}.Release|Any CPU.ActiveCfg = Release|Any CPU
		{02E903F1-C846-42CD-899A-2D00D9064625}.Release|Any CPU.Build.0 = Release|Any CPU
	EndGlobalSection
	GlobalSection(SolutionProperties) = preSolution
		HideSolutionNode = FALSE
	EndGlobalSection
	GlobalSection(ExtensibilityGlobals) = postSolution
		SolutionGuid = {16896BF6-434D-48CD-BD34-F6FBC868DD4C}
	EndGlobalSection
EndGlobal
